
Microsoft Visual Studio Solution File, Format Version 12.00
# Visual Studio Version 17
VisualStudioVersion = 17.13.35931.197
MinimumVisualStudioVersion = 10.0.40219.1
Project("{FAE04EC0-301F-11D3-BF4B-00C04F79EFBC}") = "HoaLua", "MelonLoader\VI\HoaLua\HoaLua.csproj", "{59325B2B-0134-477D-A402-1AB21CDAEA53}"
EndProject
Project("{FAE04EC0-301F-11D3-BF4B-00C04F79EFBC}") = "CayTuyChinh", "MelonLoader\VI\CayTuyChinh\CayTuyChinh.csproj", "{78529FC8-A38F-4354-A62C-B579E390816C}"
EndProject
Project("{2150E333-8FDC-42A3-9474-1A3956D46DE8}") = "MelonLoader", "MelonLoader", "{02EA681E-C7D8-13C7-8484-4AC65E1B71E8}"
EndProject
Project("{2150E333-8FDC-42A3-9474-1A3956D46DE8}") = "VI", "VI", "{F2E934EA-5B01-408A-B5B0-B8881642ECF4}"
EndProject
Project("{FAE04EC0-301F-11D3-BF4B-00C04F79EFBC}") = "HoaBang", "MelonLoader\VI\HoaBang\HoaBang.csproj", "{1C67182B-5FF0-4DB9-8220-A453FF3A4B42}"
EndProject
Project("{FAE04EC0-301F-11D3-BF4B-00C04F79EFBC}") = "HoaHaiDauLua", "MelonLoader\VI\HoaHaiDauLua\HoaHaiDauLua.csproj", "{F85AD87A-5BE0-4D78-A48E-57E90C79A008}"
EndProject
Project("{FAE04EC0-301F-11D3-BF4B-00C04F79EFBC}") = "HoaHaiDauBang", "MelonLoader\VI\HoaHaiDauBang\HoaHaiDauBang.csproj", "{AF260FEE-52FC-46E2-8EC1-139CC5161024}"
EndProject
Project("{FAE04EC0-301F-11D3-BF4B-00C04F79EFBC}") = "HoaHaiDauLuaBang", "MelonLoader\VI\HoaHaiDauLuaBang\HoaHaiDauLuaBang.csproj", "{7598F92C-F568-4B6A-8D04-BF40FC824D68}"
EndProject
Project("{FAE04EC0-301F-11D3-BF4B-00C04F79EFBC}") = "GiaoDienTuyChinh", "MelonLoader\VI\GiaoDienTuyChinh\GiaoDienTuyChinh.csproj", "{3D17FF78-4F27-4FA8-99CD-6F92831D2D0B}"
EndProject
Project("{FAE04EC0-301F-11D3-BF4B-00C04F79EFBC}") = "HoaCopy", "MelonLoader\VI\HoaCopy\HoaCopy.csproj", "{E0F6E3FD-D6C1-41C5-8161-1E982DE3E8BB}"
EndProject
Project("{FAE04EC0-301F-11D3-BF4B-00C04F79EFBC}") = "HoaCopyNew", "BepInEx\HoaCopyNew\HoaCopyNew.csproj", "{23C97071-6F36-4595-AC57-B33CCFA3F623}"
EndProject
Project("{2150E333-8FDC-42A3-9474-1A3956D46DE8}") = "BepInEx", "BepInEx", "{37264778-A690-4B0D-8A2A-2195BA6025D2}"
EndProject
Global
	GlobalSection(SolutionConfigurationPlatforms) = preSolution
		Debug|Any CPU = Debug|Any CPU
		Release|Any CPU = Release|Any CPU
	EndGlobalSection
	GlobalSection(ProjectConfigurationPlatforms) = postSolution
		{59325B2B-0134-477D-A402-1AB21CDAEA53}.Debug|Any CPU.ActiveCfg = Debug|Any CPU
		{59325B2B-0134-477D-A402-1AB21CDAEA53}.Debug|Any CPU.Build.0 = Debug|Any CPU
		{59325B2B-0134-477D-A402-1AB21CDAEA53}.Release|Any CPU.ActiveCfg = Release|Any CPU
		{59325B2B-0134-477D-A402-1AB21CDAEA53}.Release|Any CPU.Build.0 = Release|Any CPU
		{78529FC8-A38F-4354-A62C-B579E390816C}.Debug|Any CPU.ActiveCfg = Debug|Any CPU
		{78529FC8-A38F-4354-A62C-B579E390816C}.Debug|Any CPU.Build.0 = Debug|Any CPU
		{78529FC8-A38F-4354-A62C-B579E390816C}.Release|Any CPU.ActiveCfg = Release|Any CPU
		{78529FC8-A38F-4354-A62C-B579E390816C}.Release|Any CPU.Build.0 = Release|Any CPU
		{1C67182B-5FF0-4DB9-8220-A453FF3A4B42}.Debug|Any CPU.ActiveCfg = Debug|Any CPU
		{1C67182B-5FF0-4DB9-8220-A453FF3A4B42}.Debug|Any CPU.Build.0 = Debug|Any CPU
		{1C67182B-5FF0-4DB9-8220-A453FF3A4B42}.Release|Any CPU.ActiveCfg = Release|Any CPU
		{1C67182B-5FF0-4DB9-8220-A453FF3A4B42}.Release|Any CPU.Build.0 = Release|Any CPU
		{F85AD87A-5BE0-4D78-A48E-57E90C79A008}.Debug|Any CPU.ActiveCfg = Debug|Any CPU
		{F85AD87A-5BE0-4D78-A48E-57E90C79A008}.Debug|Any CPU.Build.0 = Debug|Any CPU
		{F85AD87A-5BE0-4D78-A48E-57E90C79A008}.Release|Any CPU.ActiveCfg = Release|Any CPU
		{F85AD87A-5BE0-4D78-A48E-57E90C79A008}.Release|Any CPU.Build.0 = Release|Any CPU
		{AF260FEE-52FC-46E2-8EC1-139CC5161024}.Debug|Any CPU.ActiveCfg = Debug|Any CPU
		{AF260FEE-52FC-46E2-8EC1-139CC5161024}.Debug|Any CPU.Build.0 = Debug|Any CPU
		{AF260FEE-52FC-46E2-8EC1-139CC5161024}.Release|Any CPU.ActiveCfg = Release|Any CPU
		{AF260FEE-52FC-46E2-8EC1-139CC5161024}.Release|Any CPU.Build.0 = Release|Any CPU
		{7598F92C-F568-4B6A-8D04-BF40FC824D68}.Debug|Any CPU.ActiveCfg = Debug|Any CPU
		{7598F92C-F568-4B6A-8D04-BF40FC824D68}.Debug|Any CPU.Build.0 = Debug|Any CPU
		{7598F92C-F568-4B6A-8D04-BF40FC824D68}.Release|Any CPU.ActiveCfg = Release|Any CPU
		{7598F92C-F568-4B6A-8D04-BF40FC824D68}.Release|Any CPU.Build.0 = Release|Any CPU
		{3D17FF78-4F27-4FA8-99CD-6F92831D2D0B}.Debug|Any CPU.ActiveCfg = Debug|Any CPU
		{3D17FF78-4F27-4FA8-99CD-6F92831D2D0B}.Debug|Any CPU.Build.0 = Debug|Any CPU
		{3D17FF78-4F27-4FA8-99CD-6F92831D2D0B}.Release|Any CPU.ActiveCfg = Release|Any CPU
		{3D17FF78-4F27-4FA8-99CD-6F92831D2D0B}.Release|Any CPU.Build.0 = Release|Any CPU
		{E0F6E3FD-D6C1-41C5-8161-1E982DE3E8BB}.Debug|Any CPU.ActiveCfg = Debug|Any CPU
		{E0F6E3FD-D6C1-41C5-8161-1E982DE3E8BB}.Debug|Any CPU.Build.0 = Debug|Any CPU
		{E0F6E3FD-D6C1-41C5-8161-1E982DE3E8BB}.Release|Any CPU.ActiveCfg = Release|Any CPU
		{E0F6E3FD-D6C1-41C5-8161-1E982DE3E8BB}.Release|Any CPU.Build.0 = Release|Any CPU
		{23C97071-6F36-4595-AC57-B33CCFA3F623}.Debug|Any CPU.ActiveCfg = Debug|Any CPU
		{23C97071-6F36-4595-AC57-B33CCFA3F623}.Debug|Any CPU.Build.0 = Debug|Any CPU
		{23C97071-6F36-4595-AC57-B33CCFA3F623}.Release|Any CPU.ActiveCfg = Release|Any CPU
		{23C97071-6F36-4595-AC57-B33CCFA3F623}.Release|Any CPU.Build.0 = Release|Any CPU
	EndGlobalSection
	GlobalSection(SolutionProperties) = preSolution
		HideSolutionNode = FALSE
	EndGlobalSection
	GlobalSection(NestedProjects) = preSolution
		{59325B2B-0134-477D-A402-1AB21CDAEA53} = {F2E934EA-5B01-408A-B5B0-B8881642ECF4}
		{78529FC8-A38F-4354-A62C-B579E390816C} = {F2E934EA-5B01-408A-B5B0-B8881642ECF4}
		{F2E934EA-5B01-408A-B5B0-B8881642ECF4} = {02EA681E-C7D8-13C7-8484-4AC65E1B71E8}
		{1C67182B-5FF0-4DB9-8220-A453FF3A4B42} = {F2E934EA-5B01-408A-B5B0-B8881642ECF4}
		{F85AD87A-5BE0-4D78-A48E-57E90C79A008} = {F2E934EA-5B01-408A-B5B0-B8881642ECF4}
		{AF260FEE-52FC-46E2-8EC1-139CC5161024} = {F2E934EA-5B01-408A-B5B0-B8881642ECF4}
		{7598F92C-F568-4B6A-8D04-BF40FC824D68} = {F2E934EA-5B01-408A-B5B0-B8881642ECF4}
		{3D17FF78-4F27-4FA8-99CD-6F92831D2D0B} = {F2E934EA-5B01-408A-B5B0-B8881642ECF4}
		{E0F6E3FD-D6C1-41C5-8161-1E982DE3E8BB} = {F2E934EA-5B01-408A-B5B0-B8881642ECF4}
		{23C97071-6F36-4595-AC57-B33CCFA3F623} = {37264778-A690-4B0D-8A2A-2195BA6025D2}
	EndGlobalSection
	GlobalSection(ExtensibilityGlobals) = postSolution
		SolutionGuid = {ECE623FC-9C46-4C8D-9751-2FB4D7CB1CA2}
	EndGlobalSection
EndGlobal
